
Microsoft Visual Studio Solution File, Format Version 12.00
# Blend for Visual Studio Version 16
VisualStudioVersion = 16.0.31205.134
MinimumVisualStudioVersion = 10.0.40219.1
Project("{FAE04EC0-301F-11D3-BF4B-00C04F79EFBC}") = "Form Master", "Form Master (52)\Form Master.csproj", "{975530F0-9826-4093-A9CE-A6EB120BCF4F}"
EndProject
Global
	GlobalSection(SolutionConfigurationPlatforms) = preSolution
		Debug|Any CPU = Debug|Any CPU
		Release|Any CPU = Release|Any CPU
	EndGlobalSection
	GlobalSection(ProjectConfigurationPlatforms) = postSolution
		{975530F0-9826-4093-A9CE-A6EB120BCF4F}.Debug|Any CPU.ActiveCfg = Debug|Any CPU
		{975530F0-9826-4093-A9CE-A6EB120BCF4F}.Debug|Any CPU.Build.0 = Debug|Any CPU
		{975530F0-9826-4093-A9CE-A6EB120BCF4F}.Release|Any CPU.ActiveCfg = Release|Any CPU
		{975530F0-9826-4093-A9CE-A6EB120BCF4F}.Release|Any CPU.Build.0 = Release|Any CPU
	EndGlobalSection
	GlobalSection(SolutionProperties) = preSolution
		HideSolutionNode = FALSE
	EndGlobalSection
	GlobalSection(ExtensibilityGlobals) = postSolution
		SolutionGuid = {6715C3B8-4106-4DE5-BFF5-91ECFB3F4061}
	EndGlobalSection
EndGlobal
